dependencies:
- name: postgresql
  repository: https://charts.bitnami.com/bitnami
  version: 16.1.2
- name: redis
  repository: https://charts.bitnami.com/bitnami
  version: 20.2.2
- name: minio
  repository: https://charts.bitnami.com/bitnami
  version: 14.8.5
- name: haraka
  repository: https://haraka.kubero.dev
  version: 0.1.0
digest: sha256:2fbe75cf4b4a4b1ffaa083052628dbaab44c167ebc1048c2f428dc757263d438
generated: "2024-12-19T22:06:00.234235546+01:00"
